PODS:
  - Flutter (1.0.0)
  - ios_audio_equalizer (0.1.0):
    - Flutter

DEPENDENCIES:
  - Flutter (from `Flutter`)
  - ios_audio_equalizer (from `.symlinks/plugins/ios_audio_equalizer/ios`)

EXTERNAL SOURCES:
  Flutter:
    :path: Flutter
  ios_audio_equalizer:
    :path: ".symlinks/plugins/ios_audio_equalizer/ios"

SPEC CHECKSUMS:
  Flutter: cabc95a1d2626b1b06e7179b784ebcf0c0cde467
  ios_audio_equalizer: 1bc63d133aa267ef0a4cb69783599dc5c0c4738e

PODFILE CHECKSUM: 3c63482e143d1b91d2d2560aee9fb04ecc74ac7e

COCOAPODS: 1.16.2
